
Microsoft Visual Studio Solution File, Format Version 12.00
# Visual Studio Version 17
VisualStudioVersion = 17.0.31919.166
MinimumVisualStudioVersion = 10.0.40219.1
Project("{9A19103F-16F7-4668-BE54-9A1E7A4F7556}") = "controle-financeiro.API", "controle-financeiro.API\controle-financeiro.API.csproj", "{952536EF-BB33-47BD-8680-8D7E97A346A8}"
EndProject
Project("{FAE04EC0-301F-11D3-BF4B-00C04F79EFBC}") = "controle-financeiro.BLL", "..\controle-financeiro.BLL\controle-financeiro.BLL.csproj", "{085C5592-9271-404F-9A3C-D671D544BF4D}"
EndProject
Project("{FAE04EC0-301F-11D3-BF4B-00C04F79EFBC}") = "controle-financeiro.DAL", "..\controle-financeiro.DAL\controle-financeiro.DAL.csproj", "{F5C3E168-EAD3-4D2B-96FC-5EA68BEF14F1}"
EndProject
Global
	GlobalSection(SolutionConfigurationPlatforms) = preSolution
		Debug|Any CPU = Debug|Any CPU
		Release|Any CPU = Release|Any CPU
	EndGlobalSection
	GlobalSection(ProjectConfigurationPlatforms) = postSolution
		{952536EF-BB33-47BD-8680-8D7E97A346A8}.Debug|Any CPU.ActiveCfg = Debug|Any CPU
		{952536EF-BB33-47BD-8680-8D7E97A346A8}.Debug|Any CPU.Build.0 = Debug|Any CPU
		{952536EF-BB33-47BD-8680-8D7E97A346A8}.Release|Any CPU.ActiveCfg = Release|Any CPU
		{952536EF-BB33-47BD-8680-8D7E97A346A8}.Release|Any CPU.Build.0 = Release|Any CPU
		{085C5592-9271-404F-9A3C-D671D544BF4D}.Debug|Any CPU.ActiveCfg = Debug|Any CPU
		{085C5592-9271-404F-9A3C-D671D544BF4D}.Debug|Any CPU.Build.0 = Debug|Any CPU
		{085C5592-9271-404F-9A3C-D671D544BF4D}.Release|Any CPU.ActiveCfg = Release|Any CPU
		{085C5592-9271-404F-9A3C-D671D544BF4D}.Release|Any CPU.Build.0 = Release|Any CPU
		{F5C3E168-EAD3-4D2B-96FC-5EA68BEF14F1}.Debug|Any CPU.ActiveCfg = Debug|Any CPU
		{F5C3E168-EAD3-4D2B-96FC-5EA68BEF14F1}.Debug|Any CPU.Build.0 = Debug|Any CPU
		{F5C3E168-EAD3-4D2B-96FC-5EA68BEF14F1}.Release|Any CPU.ActiveCfg = Release|Any CPU
		{F5C3E168-EAD3-4D2B-96FC-5EA68BEF14F1}.Release|Any CPU.Build.0 = Release|Any CPU
	EndGlobalSection
	GlobalSection(SolutionProperties) = preSolution
		HideSolutionNode = FALSE
	EndGlobalSection
	GlobalSection(ExtensibilityGlobals) = postSolution
		SolutionGuid = {C8B4ED9D-2837-4A62-B09D-511F673A1FE2}
	EndGlobalSection
EndGlobal
